speakeasyVersion: 1.438.1
sources:
    hris:
        sourceNamespace: hris
        sourceRevisionDigest: sha256:31d370332dc85ccbb2f9876eeda97d2a81cd84e0e487b9dd2c56a5f5a501176c
        sourceBlobDigest: sha256:b1d60911be6eadd9d688a2c08fc83061ff2a0e9c60f1b68ca41367a51559873e
        tags:
            - latest
    stackone-specs:
        sourceNamespace: stackone-specs
        sourceRevisionDigest: sha256:044a3cedaa9f566eea9b8166ccccc4f675cdd55426e92e06da1e169ae46f70fd
        sourceBlobDigest: sha256:d7e0525eb88ca6cbc2747ca3cd10a1e36be9f0aef3f2ba252dde59a7159ba5f5
        tags:
            - latest
            - main
targets:
    stack-one:
        source: stackone-specs
        sourceNamespace: stackone-specs
        sourceRevisionDigest: sha256:044a3cedaa9f566eea9b8166ccccc4f675cdd55426e92e06da1e169ae46f70fd
        sourceBlobDigest: sha256:d7e0525eb88ca6cbc2747ca3cd10a1e36be9f0aef3f2ba252dde59a7159ba5f5
        codeSamplesNamespace: stackone-specs-php-code-samples
        codeSamplesRevisionDigest: sha256:25653a929a8a90eb613b4f3e707916ce7fa7f84c76cc54c66a690f106f24c7ea
workflow:
    workflowVersion: 1.0.0
    speakeasyVersion: latest
    sources:
        stackone-specs:
            inputs:
                - location: https://api.eu1.stackone.com/oas/stackone.json
                - location: https://api.eu1.stackone.com/oas/hris.json
                - location: https://api.eu1.stackone.com/oas/ats.json
                - location: https://api.eu1.stackone.com/oas/lms.json
                - location: https://api.eu1.stackone.com/oas/iam.json
                - location: https://api.eu1.stackone.com/oas/crm.json
                - location: https://api.eu1.stackone.com/oas/marketing.json
            registry:
                location: registry.speakeasyapi.dev/stackone/stackone/stackone-specs
    targets:
        stack-one:
            target: php
            source: stackone-specs
            publish:
                packagist:
                    username: $PACKAGIST_USERNAME
                    token: $PACKAGIST_TOKEN
            codeSamples:
                registry:
                    location: registry.speakeasyapi.dev/stackone/stackone/stackone-specs-php-code-samples
                blocking: false
