speakeasyVersion: 1.660.0
sources:
    hris:
        sourceNamespace: hris
        sourceRevisionDigest: sha256:31d370332dc85ccbb2f9876eeda97d2a81cd84e0e487b9dd2c56a5f5a501176c
        sourceBlobDigest: sha256:b1d60911be6eadd9d688a2c08fc83061ff2a0e9c60f1b68ca41367a51559873e
        tags:
            - latest
    stackone-specs:
        sourceNamespace: stackone-specs
        sourceRevisionDigest: sha256:91bc22043821f7ba08d39c950eb83a4bf6c50d3f829a54cc9ef1ca1b6f5eb012
        sourceBlobDigest: sha256:81e9442d0323bf94715cf8117bf8446d3a5543b0dfddcb288907448a181a60c0
        tags:
            - latest
            - speakeasy-sdk-regen-1763856286
            - 1.0.0
targets:
    stack-one:
        source: stackone-specs
        sourceNamespace: stackone-specs
        sourceRevisionDigest: sha256:91bc22043821f7ba08d39c950eb83a4bf6c50d3f829a54cc9ef1ca1b6f5eb012
        sourceBlobDigest: sha256:81e9442d0323bf94715cf8117bf8446d3a5543b0dfddcb288907448a181a60c0
        codeSamplesNamespace: stackone-specs-php-code-samples
        codeSamplesRevisionDigest: sha256:7528165b467e97d2b9272af883b584d6d28f9b2073d1bad36862a392f913d982
workflow:
    workflowVersion: 1.0.0
    speakeasyVersion: latest
    sources:
        stackone-specs:
            inputs:
                - location: https://api.eu1.stackone.com/oas/stackone.json
                - location: https://api.eu1.stackone.com/oas/hris.json
                - location: https://api.eu1.stackone.com/oas/ats.json
                - location: https://api.eu1.stackone.com/oas/lms.json
                - location: https://api.eu1.stackone.com/oas/iam.json
                - location: https://api.eu1.stackone.com/oas/crm.json
                - location: https://api.eu1.stackone.com/oas/marketing.json
                - location: https://api.eu1.stackone.com/oas/ticketing.json
                - location: https://api.eu1.stackone.com/oas/documents.json
                - location: https://api.eu1.stackone.com/oas/screening.json
                - location: https://api.eu1.stackone.com/oas/messaging.json
                - location: https://api.eu1.stackone.com/oas/accounting.json
            registry:
                location: registry.speakeasyapi.dev/stackone/stackone/stackone-specs
    targets:
        stack-one:
            target: php
            source: stackone-specs
            publish:
                packagist:
                    username: $PACKAGIST_USERNAME
                    token: $PACKAGIST_TOKEN
            codeSamples:
                registry:
                    location: registry.speakeasyapi.dev/stackone/stackone/stackone-specs-php-code-samples
                blocking: false
