speakeasyVersion: 1.709.0
sources:
    hris:
        sourceNamespace: hris
        sourceRevisionDigest: sha256:31d370332dc85ccbb2f9876eeda97d2a81cd84e0e487b9dd2c56a5f5a501176c
        sourceBlobDigest: sha256:b1d60911be6eadd9d688a2c08fc83061ff2a0e9c60f1b68ca41367a51559873e
        tags:
            - latest
    stackone-specs:
        sourceNamespace: stackone-specs
        sourceRevisionDigest: sha256:079641117c8fa5cd0db356b9fc4ee5a69ffaefef7f44cc813869bc8eb9863ab6
        sourceBlobDigest: sha256:1aa5ede651298e8827553da61a0f4cfa7afa2662314b17179d2a5aaf1a546eb8
        tags:
            - latest
            - speakeasy-sdk-regen-1769904346
            - 1.0.0
targets:
    stack-one:
        source: stackone-specs
        sourceNamespace: stackone-specs
        sourceRevisionDigest: sha256:079641117c8fa5cd0db356b9fc4ee5a69ffaefef7f44cc813869bc8eb9863ab6
        sourceBlobDigest: sha256:1aa5ede651298e8827553da61a0f4cfa7afa2662314b17179d2a5aaf1a546eb8
        codeSamplesNamespace: stackone-specs-php-code-samples
        codeSamplesRevisionDigest: sha256:e117479f56aed41b4438be2acfe3cb81806096a950ee6ae3c90b1b2e307a6260
workflow:
    workflowVersion: 1.0.0
    speakeasyVersion: latest
    sources:
        stackone-specs:
            inputs:
                - location: https://api.eu1.stackone.com/oas/stackone.json
                - location: https://api.eu1.stackone.com/oas/hris.json
                - location: https://api.eu1.stackone.com/oas/ats.json
                - location: https://api.eu1.stackone.com/oas/lms.json
                - location: https://api.eu1.stackone.com/oas/iam.json
                - location: https://api.eu1.stackone.com/oas/crm.json
                - location: https://api.eu1.stackone.com/oas/marketing.json
                - location: https://api.eu1.stackone.com/oas/ticketing.json
                - location: https://api.eu1.stackone.com/oas/documents.json
                - location: https://api.eu1.stackone.com/oas/screening.json
                - location: https://api.eu1.stackone.com/oas/messaging.json
                - location: https://api.eu1.stackone.com/oas/accounting.json
            registry:
                location: registry.speakeasyapi.dev/stackone/stackone/stackone-specs
    targets:
        stack-one:
            target: php
            source: stackone-specs
            publish:
                packagist:
                    username: $PACKAGIST_USERNAME
                    token: $PACKAGIST_TOKEN
            codeSamples:
                registry:
                    location: registry.speakeasyapi.dev/stackone/stackone/stackone-specs-php-code-samples
                blocking: false
